
Microsoft Visual Studio Solution File, Format Version 12.00
# Visual Studio Version 16
VisualStudioVersion = 16.0.33130.400
MinimumVisualStudioVersion = 10.0.40219.1
Project("{2150E333-8FDC-42A3-9474-1A3956D46DE8}") = "Reporting", "Reporting", "{0A48654E-1928-4821-A950-7BF93D54BB15}"
EndProject
Project("{2150E333-8FDC-42A3-9474-1A3956D46DE8}") = "1. Layers", "1. Layers", "{F90F08C2-5CF2-4AC1-A67F-0EA53D6C61EB}"
EndProject
Project("{2150E333-8FDC-42A3-9474-1A3956D46DE8}") = "1.1 Presentation", "1.1 Presentation", "{EEB7777B-4856-496E-8EA0-A377EC2FD9C9}"
EndProject
Project("{2150E333-8FDC-42A3-9474-1A3956D46DE8}") = "Web", "Web", "{4DA11D44-EBE8-4893-94AB-E982FAB27CC2}"
EndProject
Project("{2150E333-8FDC-42A3-9474-1A3956D46DE8}") = "Client", "Client", "{1D241002-3895-43F0-97B5-46352540803A}"
EndProject
Project("{2150E333-8FDC-42A3-9474-1A3956D46DE8}") = "1.2 Web Services", "1.2 Web Services", "{38C814EF-9EC8-428C-8B8E-3AC768212581}"
EndProject
Project("{2150E333-8FDC-42A3-9474-1A3956D46DE8}") = "Console", "Console", "{826BE9CC-3AEC-4C49-8837-14672B27A259}"
EndProject
Project("{2150E333-8FDC-42A3-9474-1A3956D46DE8}") = "Dominio", "Dominio", "{CD5F3885-D51E-42EC-9932-3CBEE913D963}"
EndProject
Project("{2150E333-8FDC-42A3-9474-1A3956D46DE8}") = "Entidades", "Entidades", "{49E9AF7F-90A8-400C-81CE-EE622011F0B6}"
EndProject
Project("{2150E333-8FDC-42A3-9474-1A3956D46DE8}") = "Servicios", "Servicios", "{DF01C46C-0050-4BD2-940A-4E7F6B8EFBE6}"
EndProject
Project("{2150E333-8FDC-42A3-9474-1A3956D46DE8}") = "Infrastructure", "Infrastructure", "{37158379-7D40-4BE5-A661-81CCC83BE82D}"
EndProject
Project("{2150E333-8FDC-42A3-9474-1A3956D46DE8}") = "Data", "Data", "{61076AD0-C8B8-4095-A5B3-448AE256385E}"
EndProject
Project("{2150E333-8FDC-42A3-9474-1A3956D46DE8}") = "Service", "Service", "{1643E7D4-0EE1-4A70-9EFA-AC22D05AEC3D}"
EndProject
Project("{2150E333-8FDC-42A3-9474-1A3956D46DE8}") = "Reporsitories", "Reporsitories", "{1F6C23B1-E83D-420B-899F-36AED9539B35}"
EndProject
Project("{FAE04EC0-301F-11D3-BF4B-00C04F79EFBC}") = "ERPElectrodata", "ERPElectrodata\ERPElectrodata.csproj", "{A787ED44-7B03-41D2-A4AD-DE827D80ED86}"
EndProject
Project("{FAE04EC0-301F-11D3-BF4B-00C04F79EFBC}") = "ResourceLanguaje", "ResourceLanguaje\ResourceLanguaje.csproj", "{1DA9C57B-40F6-4E25-88F6-754E73EEB0B3}"
EndProject
Project("{F14B399A-7131-4C87-9E4B-1186C45EF12D}") = "TicketsManagement", "TicketsManagement\TicketsManagement.rptproj", "{BE603575-44B3-4884-B7A2-DCC7F66823E6}"
EndProject
Project("{F14B399A-7131-4C87-9E4B-1186C45EF12D}") = "HumanTalent", "HumanTalent\HumanTalent.rptproj", "{C4870A09-9BA6-4B14-A2E1-ADD55039EE74}"
EndProject
Project("{FAE04EC0-301F-11D3-BF4B-00C04F79EFBC}") = "WebClient", "WebClient\WebClient.csproj", "{37035B07-2C25-457B-9BA4-16B7E4B053B6}"
EndProject
Project("{FAE04EC0-301F-11D3-BF4B-00C04F79EFBC}") = "WebClientED", "WebClientED\WebClientED.csproj", "{86536398-473C-45E4-895A-BADAF827CBFD}"
EndProject
Project("{FAE04EC0-301F-11D3-BF4B-00C04F79EFBC}") = "ConsoleNotification", "ConsoleNotification\ConsoleNotification.csproj", "{AEF6E14A-7812-4AA3-A40E-A86A92E4E874}"
EndProject
Project("{FAE04EC0-301F-11D3-BF4B-00C04F79EFBC}") = "Electrodata.ERPElectrodata.Domain.Services", "Dominio\Servicios\Electrodata.ERPElectrodata.Domain.Services\Electrodata.ERPElectrodata.Domain.Services.csproj", "{5DEF7DE8-83BC-4ED7-A41C-8ED3E63A4A69}"
EndProject
Project("{FAE04EC0-301F-11D3-BF4B-00C04F79EFBC}") = "Electrodata.ERPElectrodata.Infra.Reposotories", "Infraestructure\Data\Repositories\Electrodata.ERPElectrodata.Infra.Reposotories\Electrodata.ERPElectrodata.Infra.Reposotories.csproj", "{758441D2-ABC7-4835-ACBF-EF0781111FAC}"
EndProject
Project("{FAE04EC0-301F-11D3-BF4B-00C04F79EFBC}") = "Electrodata.ERPElectrodata.Domain.Entities", "Dominio\Entidades\Electrodata.ERPElectrodata.Domain.Entities\Electrodata.ERPElectrodata.Domain.Entities.csproj", "{D0D79B6F-B002-411C-B50B-A6874B5328E9}"
EndProject
Project("{2150E333-8FDC-42A3-9474-1A3956D46DE8}") = ".nuget", ".nuget", "{D2AD2704-5FA1-4984-A1BA-B956576207E7}"
	ProjectSection(SolutionItems) = preProject
		.nuget\NuGet.Config = .nuget\NuGet.Config
		.nuget\NuGet.exe = .nuget\NuGet.exe
		.nuget\NuGet.pdb = .nuget\NuGet.pdb
		.nuget\NuGet.targets = .nuget\NuGet.targets
	EndProjectSection
EndProject
Global
	GlobalSection(SolutionConfigurationPlatforms) = preSolution
		Debug|Any CPU = Debug|Any CPU
		DebugLocal|Any CPU = DebugLocal|Any CPU
		Release|Any CPU = Release|Any CPU
	EndGlobalSection
	GlobalSection(ProjectConfigurationPlatforms) = postSolution
		{A787ED44-7B03-41D2-A4AD-DE827D80ED86}.Debug|Any CPU.ActiveCfg = Debug|Any CPU
		{A787ED44-7B03-41D2-A4AD-DE827D80ED86}.Debug|Any CPU.Build.0 = Debug|Any CPU
		{A787ED44-7B03-41D2-A4AD-DE827D80ED86}.DebugLocal|Any CPU.ActiveCfg = Debug|Any CPU
		{A787ED44-7B03-41D2-A4AD-DE827D80ED86}.DebugLocal|Any CPU.Build.0 = Debug|Any CPU
		{A787ED44-7B03-41D2-A4AD-DE827D80ED86}.Release|Any CPU.ActiveCfg = Release|Any CPU
		{A787ED44-7B03-41D2-A4AD-DE827D80ED86}.Release|Any CPU.Build.0 = Release|Any CPU
		{1DA9C57B-40F6-4E25-88F6-754E73EEB0B3}.Debug|Any CPU.ActiveCfg = Debug|Any CPU
		{1DA9C57B-40F6-4E25-88F6-754E73EEB0B3}.Debug|Any CPU.Build.0 = Debug|Any CPU
		{1DA9C57B-40F6-4E25-88F6-754E73EEB0B3}.DebugLocal|Any CPU.ActiveCfg = Debug|Any CPU
		{1DA9C57B-40F6-4E25-88F6-754E73EEB0B3}.DebugLocal|Any CPU.Build.0 = Debug|Any CPU
		{1DA9C57B-40F6-4E25-88F6-754E73EEB0B3}.Release|Any CPU.ActiveCfg = Release|Any CPU
		{1DA9C57B-40F6-4E25-88F6-754E73EEB0B3}.Release|Any CPU.Build.0 = Release|Any CPU
		{BE603575-44B3-4884-B7A2-DCC7F66823E6}.Debug|Any CPU.ActiveCfg = Debug
		{BE603575-44B3-4884-B7A2-DCC7F66823E6}.Debug|Any CPU.Build.0 = Debug
		{BE603575-44B3-4884-B7A2-DCC7F66823E6}.Debug|Any CPU.Deploy.0 = Debug
		{BE603575-44B3-4884-B7A2-DCC7F66823E6}.DebugLocal|Any CPU.ActiveCfg = DebugLocal
		{BE603575-44B3-4884-B7A2-DCC7F66823E6}.DebugLocal|Any CPU.Build.0 = DebugLocal
		{BE603575-44B3-4884-B7A2-DCC7F66823E6}.Release|Any CPU.ActiveCfg = Release
		{BE603575-44B3-4884-B7A2-DCC7F66823E6}.Release|Any CPU.Build.0 = Release
		{BE603575-44B3-4884-B7A2-DCC7F66823E6}.Release|Any CPU.Deploy.0 = Release
		{C4870A09-9BA6-4B14-A2E1-ADD55039EE74}.Debug|Any CPU.ActiveCfg = Debug
		{C4870A09-9BA6-4B14-A2E1-ADD55039EE74}.Debug|Any CPU.Build.0 = Debug
		{C4870A09-9BA6-4B14-A2E1-ADD55039EE74}.Debug|Any CPU.Deploy.0 = Debug
		{C4870A09-9BA6-4B14-A2E1-ADD55039EE74}.DebugLocal|Any CPU.ActiveCfg = DebugLocal
		{C4870A09-9BA6-4B14-A2E1-ADD55039EE74}.DebugLocal|Any CPU.Build.0 = DebugLocal
		{C4870A09-9BA6-4B14-A2E1-ADD55039EE74}.Release|Any CPU.ActiveCfg = Release
		{C4870A09-9BA6-4B14-A2E1-ADD55039EE74}.Release|Any CPU.Build.0 = Release
		{C4870A09-9BA6-4B14-A2E1-ADD55039EE74}.Release|Any CPU.Deploy.0 = Release
		{37035B07-2C25-457B-9BA4-16B7E4B053B6}.Debug|Any CPU.ActiveCfg = Debug|Any CPU
		{37035B07-2C25-457B-9BA4-16B7E4B053B6}.Debug|Any CPU.Build.0 = Debug|Any CPU
		{37035B07-2C25-457B-9BA4-16B7E4B053B6}.DebugLocal|Any CPU.ActiveCfg = Debug|Any CPU
		{37035B07-2C25-457B-9BA4-16B7E4B053B6}.DebugLocal|Any CPU.Build.0 = Debug|Any CPU
		{37035B07-2C25-457B-9BA4-16B7E4B053B6}.Release|Any CPU.ActiveCfg = Release|Any CPU
		{37035B07-2C25-457B-9BA4-16B7E4B053B6}.Release|Any CPU.Build.0 = Release|Any CPU
		{86536398-473C-45E4-895A-BADAF827CBFD}.Debug|Any CPU.ActiveCfg = Debug|Any CPU
		{86536398-473C-45E4-895A-BADAF827CBFD}.Debug|Any CPU.Build.0 = Debug|Any CPU
		{86536398-473C-45E4-895A-BADAF827CBFD}.DebugLocal|Any CPU.ActiveCfg = Debug|Any CPU
		{86536398-473C-45E4-895A-BADAF827CBFD}.DebugLocal|Any CPU.Build.0 = Debug|Any CPU
		{86536398-473C-45E4-895A-BADAF827CBFD}.Release|Any CPU.ActiveCfg = Release|Any CPU
		{86536398-473C-45E4-895A-BADAF827CBFD}.Release|Any CPU.Build.0 = Release|Any CPU
		{AEF6E14A-7812-4AA3-A40E-A86A92E4E874}.Debug|Any CPU.ActiveCfg = Debug|Any CPU
		{AEF6E14A-7812-4AA3-A40E-A86A92E4E874}.Debug|Any CPU.Build.0 = Debug|Any CPU
		{AEF6E14A-7812-4AA3-A40E-A86A92E4E874}.DebugLocal|Any CPU.ActiveCfg = Debug|Any CPU
		{AEF6E14A-7812-4AA3-A40E-A86A92E4E874}.DebugLocal|Any CPU.Build.0 = Debug|Any CPU
		{AEF6E14A-7812-4AA3-A40E-A86A92E4E874}.Release|Any CPU.ActiveCfg = Release|Any CPU
		{AEF6E14A-7812-4AA3-A40E-A86A92E4E874}.Release|Any CPU.Build.0 = Release|Any CPU
		{5DEF7DE8-83BC-4ED7-A41C-8ED3E63A4A69}.Debug|Any CPU.ActiveCfg = Debug|Any CPU
		{5DEF7DE8-83BC-4ED7-A41C-8ED3E63A4A69}.Debug|Any CPU.Build.0 = Debug|Any CPU
		{5DEF7DE8-83BC-4ED7-A41C-8ED3E63A4A69}.DebugLocal|Any CPU.ActiveCfg = Debug|Any CPU
		{5DEF7DE8-83BC-4ED7-A41C-8ED3E63A4A69}.DebugLocal|Any CPU.Build.0 = Debug|Any CPU
		{5DEF7DE8-83BC-4ED7-A41C-8ED3E63A4A69}.Release|Any CPU.ActiveCfg = Release|Any CPU
		{5DEF7DE8-83BC-4ED7-A41C-8ED3E63A4A69}.Release|Any CPU.Build.0 = Release|Any CPU
		{758441D2-ABC7-4835-ACBF-EF0781111FAC}.Debug|Any CPU.ActiveCfg = Debug|Any CPU
		{758441D2-ABC7-4835-ACBF-EF0781111FAC}.Debug|Any CPU.Build.0 = Debug|Any CPU
		{758441D2-ABC7-4835-ACBF-EF0781111FAC}.DebugLocal|Any CPU.ActiveCfg = Debug|Any CPU
		{758441D2-ABC7-4835-ACBF-EF0781111FAC}.DebugLocal|Any CPU.Build.0 = Debug|Any CPU
		{758441D2-ABC7-4835-ACBF-EF0781111FAC}.Release|Any CPU.ActiveCfg = Release|Any CPU
		{758441D2-ABC7-4835-ACBF-EF0781111FAC}.Release|Any CPU.Build.0 = Release|Any CPU
		{D0D79B6F-B002-411C-B50B-A6874B5328E9}.Debug|Any CPU.ActiveCfg = Debug|Any CPU
		{D0D79B6F-B002-411C-B50B-A6874B5328E9}.Debug|Any CPU.Build.0 = Debug|Any CPU
		{D0D79B6F-B002-411C-B50B-A6874B5328E9}.DebugLocal|Any CPU.ActiveCfg = Debug|Any CPU
		{D0D79B6F-B002-411C-B50B-A6874B5328E9}.DebugLocal|Any CPU.Build.0 = Debug|Any CPU
		{D0D79B6F-B002-411C-B50B-A6874B5328E9}.Release|Any CPU.ActiveCfg = Release|Any CPU
		{D0D79B6F-B002-411C-B50B-A6874B5328E9}.Release|Any CPU.Build.0 = Release|Any CPU
	EndGlobalSection
	GlobalSection(SolutionProperties) = preSolution
		HideSolutionNode = FALSE
	EndGlobalSection
	GlobalSection(NestedProjects) = preSolution
		{EEB7777B-4856-496E-8EA0-A377EC2FD9C9} = {F90F08C2-5CF2-4AC1-A67F-0EA53D6C61EB}
		{4DA11D44-EBE8-4893-94AB-E982FAB27CC2} = {EEB7777B-4856-496E-8EA0-A377EC2FD9C9}
		{1D241002-3895-43F0-97B5-46352540803A} = {4DA11D44-EBE8-4893-94AB-E982FAB27CC2}
		{38C814EF-9EC8-428C-8B8E-3AC768212581} = {F90F08C2-5CF2-4AC1-A67F-0EA53D6C61EB}
		{826BE9CC-3AEC-4C49-8837-14672B27A259} = {38C814EF-9EC8-428C-8B8E-3AC768212581}
		{49E9AF7F-90A8-400C-81CE-EE622011F0B6} = {CD5F3885-D51E-42EC-9932-3CBEE913D963}
		{DF01C46C-0050-4BD2-940A-4E7F6B8EFBE6} = {CD5F3885-D51E-42EC-9932-3CBEE913D963}
		{61076AD0-C8B8-4095-A5B3-448AE256385E} = {37158379-7D40-4BE5-A661-81CCC83BE82D}
		{1643E7D4-0EE1-4A70-9EFA-AC22D05AEC3D} = {37158379-7D40-4BE5-A661-81CCC83BE82D}
		{1F6C23B1-E83D-420B-899F-36AED9539B35} = {61076AD0-C8B8-4095-A5B3-448AE256385E}
		{BE603575-44B3-4884-B7A2-DCC7F66823E6} = {0A48654E-1928-4821-A950-7BF93D54BB15}
		{C4870A09-9BA6-4B14-A2E1-ADD55039EE74} = {0A48654E-1928-4821-A950-7BF93D54BB15}
		{37035B07-2C25-457B-9BA4-16B7E4B053B6} = {1D241002-3895-43F0-97B5-46352540803A}
		{86536398-473C-45E4-895A-BADAF827CBFD} = {1D241002-3895-43F0-97B5-46352540803A}
		{AEF6E14A-7812-4AA3-A40E-A86A92E4E874} = {826BE9CC-3AEC-4C49-8837-14672B27A259}
		{5DEF7DE8-83BC-4ED7-A41C-8ED3E63A4A69} = {DF01C46C-0050-4BD2-940A-4E7F6B8EFBE6}
		{758441D2-ABC7-4835-ACBF-EF0781111FAC} = {1F6C23B1-E83D-420B-899F-36AED9539B35}
		{D0D79B6F-B002-411C-B50B-A6874B5328E9} = {CD5F3885-D51E-42EC-9932-3CBEE913D963}
	EndGlobalSection
	GlobalSection(ExtensibilityGlobals) = postSolution
		SolutionGuid = {51A26B91-55D9-4482-8A1F-022205EA28C7}
	EndGlobalSection
	GlobalSection(TeamFoundationVersionControl) = preSolution
		SccNumberOfProjects = 8
		SccEnterpriseProvider = {4CA58AB2-18FA-4F8D-95D4-32DDF27D184C}
		SccTeamFoundationServer = https://devedata.visualstudio.com/
		SccProjectUniqueName0 = Dominio\\Entidades\\Electrodata.ERPElectrodata.Domain.Entities\\Electrodata.ERPElectrodata.Domain.Entities.csproj
		SccProjectTopLevelParentUniqueName0 = ERPElectrodata.sln
		SccProjectName0 = Dominio/Entidades/Electrodata.ERPElectrodata.Domain.Entities
		SccAuxPath0 = https://devedata.visualstudio.com
		SccLocalPath0 = Dominio\\Entidades\\Electrodata.ERPElectrodata.Domain.Entities
		SccProvider0 = {4CA58AB2-18FA-4F8D-95D4-32DDF27D184C}
		SccProjectUniqueName1 = Infraestructure\\Data\\Repositories\\Electrodata.ERPElectrodata.Infra.Reposotories\\Electrodata.ERPElectrodata.Infra.Reposotories.csproj
		SccProjectTopLevelParentUniqueName1 = ERPElectrodata.sln
		SccProjectName1 = Infraestructure/Data/Repositories/Electrodata.ERPElectrodata.Infra.Reposotories
		SccAuxPath1 = https://devedata.visualstudio.com
		SccLocalPath1 = Infraestructure\\Data\\Repositories\\Electrodata.ERPElectrodata.Infra.Reposotories
		SccProvider1 = {4CA58AB2-18FA-4F8D-95D4-32DDF27D184C}
		SccProjectUniqueName2 = Dominio\\Servicios\\Electrodata.ERPElectrodata.Domain.Services\\Electrodata.ERPElectrodata.Domain.Services.csproj
		SccProjectTopLevelParentUniqueName2 = ERPElectrodata.sln
		SccProjectName2 = Dominio/Servicios/Electrodata.ERPElectrodata.Domain.Services
		SccAuxPath2 = https://devedata.visualstudio.com
		SccLocalPath2 = Dominio\\Servicios\\Electrodata.ERPElectrodata.Domain.Services
		SccProvider2 = {4CA58AB2-18FA-4F8D-95D4-32DDF27D184C}
		SccProjectUniqueName3 = ResourceLanguaje\\ResourceLanguaje.csproj
		SccProjectName3 = ResourceLanguaje
		SccAuxPath3 = https://devedata.visualstudio.com
		SccLocalPath3 = ResourceLanguaje
		SccProvider3 = {4CA58AB2-18FA-4F8D-95D4-32DDF27D184C}
		SccProjectUniqueName4 = ERPElectrodata\\ERPElectrodata.csproj
		SccProjectName4 = ERPElectrodata
		SccAuxPath4 = https://devedata.visualstudio.com
		SccLocalPath4 = ERPElectrodata
		SccProvider4 = {4CA58AB2-18FA-4F8D-95D4-32DDF27D184C}
		SccProjectUniqueName5 = WebClient\\WebClient.csproj
		SccProjectTopLevelParentUniqueName5 = ERPElectrodata.sln
		SccProjectName5 = WebClient
		SccAuxPath5 = https://devedata.visualstudio.com
		SccLocalPath5 = WebClient
		SccProvider5 = {4CA58AB2-18FA-4F8D-95D4-32DDF27D184C}
		SccProjectUniqueName6 = WebClientED\\WebClientED.csproj
		SccProjectTopLevelParentUniqueName6 = ERPElectrodata.sln
		SccProjectName6 = WebClientED
		SccAuxPath6 = https://devedata.visualstudio.com
		SccLocalPath6 = WebClientED
		SccProvider6 = {4CA58AB2-18FA-4F8D-95D4-32DDF27D184C}
		SccProjectUniqueName7 = ConsoleNotification\\ConsoleNotification.csproj
		SccProjectTopLevelParentUniqueName7 = ERPElectrodata.sln
		SccProjectName7 = ConsoleNotification
		SccAuxPath7 = https://devedata.visualstudio.com
		SccLocalPath7 = ConsoleNotification
		SccProvider7 = {4CA58AB2-18FA-4F8D-95D4-32DDF27D184C}
	EndGlobalSection
EndGlobal
